version = 1
revision = 3
requires-python = ">=3.14"

[[package]]
name = "blake3"
version = "1.0.8"
source = { registry = "https://pypi.org/simple" }
sdist = { url = "https://files.pythonhosted.org/packages/75/aa/abcd75e9600987a0bc6cfe9b6b2ff3f0e2cb08c170addc6e76035b5c4cb3/blake3-1.0.8.tar.gz", hash = "sha256:513cc7f0f5a7c035812604c2c852a0c1468311345573de647e310aca4ab165ba", size = 117308, upload-time = "2025-10-14T06:47:48.83Z" }
wheels = [
    { url = "https://files.pythonhosted.org/packages/2e/2a/9f13ea01b03b1b4751a1cc2b6c1ef4b782e19433a59cf35b59cafb2a2696/blake3-1.0.8-cp314-cp314-macosx_10_12_x86_64.whl", hash = "sha256:2c33dac2c6112bc23f961a7ca305c7e34702c8177040eb98d0389d13a347b9e1", size = 347016, upload-time = "2025-10-14T06:46:40.318Z" },
    { url = "https://files.pythonhosted.org/packages/06/8e/8458c4285fbc5de76414f243e4e0fcab795d71a8b75324e14959aee699da/blake3-1.0.8-cp314-cp314-macosx_11_0_arm64.whl", hash = "sha256:c445eff665d21c3b3b44f864f849a2225b1164c08654beb23224a02f087b7ff1", size = 324496, upload-time = "2025-10-14T06:46:42.355Z" },
    { url = "https://files.pythonhosted.org/packages/49/fa/b913eb9cc4af708c03e01e6b88a8bb3a74833ba4ae4b16b87e2829198e06/blake3-1.0.8-cp314-cp314-manylinux_2_17_aarch64.manylinux2014_aarch64.whl", hash = "sha256:a47939f04b89c5c6ff1e51e883e5efab1ea1bf01a02f4d208d216dddd63d0dd8", size = 370654, upload-time = "2025-10-14T06:46:43.907Z" },
    { url = "https://files.pythonhosted.org/packages/7f/4f/245e0800c33b99c8f2b570d9a7199b51803694913ee4897f339648502933/blake3-1.0.8-cp314-cp314-manylinux_2_17_armv7l.manylinux2014_armv7l.whl", hash = "sha256:73e0b4fa25f6e3078526a592fb38fca85ef204fd02eced6731e1cdd9396552d4", size = 374693, upload-time = "2025-10-14T06:46:45.186Z" },
    { url = "https://files.pythonhosted.org/packages/a2/a6/8cb182c8e482071dbdfcc6ec0048271fd48bcb78782d346119ff54993700/blake3-1.0.8-cp314-cp314-manylinux_2_17_i686.manylinux2014_i686.whl", hash = "sha256:4b0543c57eb9d6dac9d4bced63e9f7f7b546886ac04cec8da3c3d9c8f30cbbb7", size = 447673, upload-time = "2025-10-14T06:46:46.358Z" },
    { url = "https://files.pythonhosted.org/packages/06/b7/1cbbb5574d2a9436d1b15e7eb5b9d82e178adcaca71a97b0fddaca4bfe3a/blake3-1.0.8-cp314-cp314-manylinux_2_17_ppc64le.manylinux2014_ppc64le.whl", hash = "sha256:ed972ebd553c0c25363459e9fc71a38c045d8419e365b59acd8cd791eff13981", size = 507233, upload-time = "2025-10-14T06:46:48.109Z" },
    { url = "https://files.pythonhosted.org/packages/9c/45/b55825d90af353b3e26c653bab278da9d6563afcf66736677f9397e465be/blake3-1.0.8-cp314-cp314-manylinux_2_17_s390x.manylinux2014_s390x.whl", hash = "sha256:3bafdec95dfffa3f6571e529644744e280337df15ddd9728f224ba70c5779b23", size = 393852, upload-time = "2025-10-14T06:46:49.511Z" },
    { url = "https://files.pythonhosted.org/packages/34/73/9058a1a457dd20491d1b37de53d6876eff125e1520d9b2dd7d0acbc88de2/blake3-1.0.8-cp314-cp314-manylinux_2_17_x86_64.manylinux2014_x86_64.whl", hash = "sha256:2d78f06f3fb838b34c330e2987090376145cbe5944d8608a0c4779c779618f7b", size = 386442, upload-time = "2025-10-14T06:46:51.205Z" },
    { url = "https://files.pythonhosted.org/packages/30/6d/561d537ffc17985e276e08bf4513f1c106f1fdbef571e782604dc4e44070/blake3-1.0.8-cp314-cp314-musllinux_1_1_aarch64.whl", hash = "sha256:dd03ff08d1b6e4fdda1cd03826f971ae8966ef6f683a8c68aa27fb21904b5aa9", size = 549929, upload-time = "2025-10-14T06:46:52.494Z" },
    { url = "https://files.pythonhosted.org/packages/03/2f/dbe20d2c57f1a67c63be4ba310bcebc707b945c902a0bde075d2a8f5cd5c/blake3-1.0.8-cp314-cp314-musllinux_1_1_x86_64.whl", hash = "sha256:4e02a3c499e35bf51fc15b2738aca1a76410804c877bcd914752cac4f71f052a", size = 553750, upload-time = "2025-10-14T06:46:54.194Z" },
    { url = "https://files.pythonhosted.org/packages/6b/da/c6cb712663c869b2814870c2798e57289c4268c5ac5fb12d467fce244860/blake3-1.0.8-cp314-cp314-win32.whl", hash = "sha256:a585357d5d8774aad9ffc12435de457f9e35cde55e0dc8bc43ab590a6929e59f", size = 228404, upload-time = "2025-10-14T06:46:56.807Z" },
    { url = "https://files.pythonhosted.org/packages/dc/b6/c7dcd8bc3094bba1c4274e432f9e77a7df703532ca000eaa550bd066b870/blake3-1.0.8-cp314-cp314-win_amd64.whl", hash = "sha256:9ab5998e2abd9754819753bc2f1cf3edf82d95402bff46aeef45ed392a5468bf", size = 215460, upload-time = "2025-10-14T06:46:58.15Z" },
    { url = "https://files.pythonhosted.org/packages/75/3c/6c8afd856c353176836daa5cc33a7989e8f54569e9d53eb1c53fc8f80c34/blake3-1.0.8-cp314-cp314t-macosx_10_12_x86_64.whl", hash = "sha256:e2df12f295f95a804338bd300e8fad4a6f54fd49bd4d9c5893855a230b5188a8", size = 347482, upload-time = "2025-10-14T06:47:00.189Z" },
    { url = "https://files.pythonhosted.org/packages/6a/35/92cd5501ce8e1f5cabdc0c3ac62d69fdb13ff0b60b62abbb2b6d0a53a790/blake3-1.0.8-cp314-cp314t-macosx_11_0_arm64.whl", hash = "sha256:63379be58438878eeb76ebe4f0efbeaabf42b79f2cff23b6126b7991588ced67", size = 324376, upload-time = "2025-10-14T06:47:01.413Z" },
    { url = "https://files.pythonhosted.org/packages/11/33/503b37220a3e2e31917ef13722efd00055af51c5e88ae30974c733d7ece6/blake3-1.0.8-cp314-cp314t-manylinux_2_17_aarch64.manylinux2014_aarch64.whl", hash = "sha256:88d527c247f9609dc1d45a08fd243e39f0d5300d54c57e048de24d4fa9240ebb", size = 370220, upload-time = "2025-10-14T06:47:02.573Z" },
    { url = "https://files.pythonhosted.org/packages/3e/df/fe817843adf59516c04d44387bd643b422a3b0400ea95c6ede6a49920737/blake3-1.0.8-cp314-cp314t-manylinux_2_17_armv7l.manylinux2014_armv7l.whl", hash = "sha256:506a47897a11ebe8f3cdeb52f1365d6a2f83959e98ccb0c830f8f73277d4d358", size = 373454, upload-time = "2025-10-14T06:47:03.784Z" },
    { url = "https://files.pythonhosted.org/packages/d1/4d/90a2a623575373dfc9b683f1bad1bf017feafa5a6d65d94fb09543050740/blake3-1.0.8-cp314-cp314t-manylinux_2_17_i686.manylinux2014_i686.whl", hash = "sha256:e5122a61b3b004bbbd979bdf83a3aaab432da3e2a842d7ddf1c273f2503b4884", size = 447102, upload-time = "2025-10-14T06:47:04.958Z" },
    { url = "https://files.pythonhosted.org/packages/93/ff/4e8ce314f60115c4c657b1fdbe9225b991da4f5bcc5d1c1f1d151e2f39d6/blake3-1.0.8-cp314-cp314t-manylinux_2_17_ppc64le.manylinux2014_ppc64le.whl", hash = "sha256:0171e85d56dec1219abdae5f49a0ed12cb3f86a454c29160a64fd8a8166bba37", size = 506791, upload-time = "2025-10-14T06:47:06.82Z" },
    { url = "https://files.pythonhosted.org/packages/44/88/2963a1f18aab52bdcf35379b2b48c34bbc462320c37e76960636b8602c36/blake3-1.0.8-cp314-cp314t-manylinux_2_17_s390x.manylinux2014_s390x.whl", hash = "sha256:003f61e8c41dd9931edddf1cc6a1bb680fb2ac0ad15493ef4a1df9adc59ce9df", size = 393717, upload-time = "2025-10-14T06:47:09.085Z" },
    { url = "https://files.pythonhosted.org/packages/45/d1/a848ed8e8d4e236b9b16381768c9ae99d92890c24886bb4505aa9c3d2033/blake3-1.0.8-cp314-cp314t-manylinux_2_17_x86_64.manylinux2014_x86_64.whl", hash = "sha256:d2c3151955efb09ba58cd3e1263521e15e9e3866a40d6bd3556d86fc968e8f95", size = 386150, upload-time = "2025-10-14T06:47:10.363Z" },
    { url = "https://files.pythonhosted.org/packages/96/09/e3eb5d60f97c01de23d9f434e6e1fc117efb466eaa1f6ddbbbcb62580d6e/blake3-1.0.8-cp314-cp314t-musllinux_1_1_aarch64.whl", hash = "sha256:5eb25bca3cee2e0dd746a214784fb36be6a43640c01c55b6b4e26196e72d076c", size = 549120, upload-time = "2025-10-14T06:47:11.713Z" },
    { url = "https://files.pythonhosted.org/packages/14/ad/3d9661c710febb8957dd685fdb3e5a861aa0ac918eda3031365ce45789e2/blake3-1.0.8-cp314-cp314t-musllinux_1_1_x86_64.whl", hash = "sha256:ab4e1dea4fa857944944db78e8f20d99ee2e16b2dea5a14f514fb0607753ac83", size = 553264, upload-time = "2025-10-14T06:47:13.317Z" },
    { url = "https://files.pythonhosted.org/packages/11/55/e332a5b49edf377d0690e95951cca21a00c568f6e37315f9749efee52617/blake3-1.0.8-cp314-cp314t-win32.whl", hash = "sha256:67f1bc11bf59464ef092488c707b13dd4e872db36e25c453dfb6e0c7498df9f1", size = 228116, upload-time = "2025-10-14T06:47:14.516Z" },
    { url = "https://files.pythonhosted.org/packages/b0/5c/dbd00727a3dd165d7e0e8af40e630cd7e45d77b525a3218afaff8a87358e/blake3-1.0.8-cp314-cp314t-win_amd64.whl", hash = "sha256:421b99cdf1ff2d1bf703bc56c454f4b286fce68454dd8711abbcb5a0df90c19a", size = 215133, upload-time = "2025-10-14T06:47:16.069Z" },
]

[[package]]
name = "colorama"
version = "0.4.6"
source = { registry = "https://pypi.org/simple" }
sdist = { url = "https://files.pythonhosted.org/packages/d8/53/6f443c9a4a8358a93a6792e2acffb9d9d5cb0a5cfd8802644b7b1c9a02e4/colorama-0.4.6.tar.gz", hash = "sha256:08695f5cb7ed6e0531a20572697297273c47b8cae5a63ffc6d6ed5c201be6e44", size = 27697, upload-time = "2022-10-25T02:36:22.414Z" }
wheels = [
    { url = "https://files.pythonhosted.org/packages/d1/d6/3965ed04c63042e047cb6a3e6ed1a63a35087b6a609aa3a15ed8ac56c221/colorama-0.4.6-py2.py3-none-any.whl", hash = "sha256:4f1d9991f5acc0ca119f9d443620b77f9d6b33703e51011c16baf57afb285fc6", size = 25335, upload-time = "2022-10-25T02:36:20.889Z" },
]

[[package]]
name = "iniconfig"
version = "2.3.0"
source = { registry = "https://pypi.org/simple" }
sdist = { url = "https://files.pythonhosted.org/packages/72/34/14ca021ce8e5dfedc35312d08ba8bf51fdd999c576889fc2c24cb97f4f10/iniconfig-2.3.0.tar.gz", hash = "sha256:c76315c77db068650d49c5b56314774a7804df16fee4402c1f19d6d15d8c4730", size = 20503, upload-time = "2025-10-18T21:55:43.219Z" }
wheels = [
    { url = "https://files.pythonhosted.org/packages/cb/b1/3846dd7f199d53cb17f49cba7e651e9ce294d8497c8c150530ed11865bb8/iniconfig-2.3.0-py3-none-any.whl", hash = "sha256:f631c04d2c48c52b84d0d0549c99ff3859c98df65b3101406327ecc7d53fbf12", size = 7484, upload-time = "2025-10-18T21:55:41.639Z" },
]

[[package]]
name = "packaging"
version = "26.1"
source = { registry = "https://pypi.org/simple" }
sdist = { url = "https://files.pythonhosted.org/packages/df/de/0d2b39fb4af88a0258f3bac87dfcbb48e73fbdea4a2ed0e2213f9a4c2f9a/packaging-26.1.tar.gz", hash = "sha256:f042152b681c4bfac5cae2742a55e103d27ab2ec0f3d88037136b6bfe7c9c5de", size = 215519, upload-time = "2026-04-14T21:12:49.362Z" }
wheels = [
    { url = "https://files.pythonhosted.org/packages/7a/c2/920ef838e2f0028c8262f16101ec09ebd5969864e5a64c4c05fad0617c56/packaging-26.1-py3-none-any.whl", hash = "sha256:5d9c0669c6285e491e0ced2eee587eaf67b670d94a19e94e3984a481aba6802f", size = 95831, upload-time = "2026-04-14T21:12:47.56Z" },
]

[[package]]
name = "pluggy"
version = "1.6.0"
source = { registry = "https://pypi.org/simple" }
sdist = { url = "https://files.pythonhosted.org/packages/f9/e2/3e91f31a7d2b083fe6ef3fa267035b518369d9511ffab804f839851d2779/pluggy-1.6.0.tar.gz", hash = "sha256:7dcc130b76258d33b90f61b658791dede3486c3e6bfb003ee5c9bfb396dd22f3", size = 69412, upload-time = "2025-05-15T12:30:07.975Z" }
wheels = [
    { url = "https://files.pythonhosted.org/packages/54/20/4d324d65cc6d9205fabedc306948156824eb9f0ee1633355a8f7ec5c66bf/pluggy-1.6.0-py3-none-any.whl", hash = "sha256:e920276dd6813095e9377c0bc5566d94c932c33b27a3e3945d8389c374dd4746", size = 20538, upload-time = "2025-05-15T12:30:06.134Z" },
]

[[package]]
name = "pygments"
version = "2.20.0"
source = { registry = "https://pypi.org/simple" }
sdist = { url = "https://files.pythonhosted.org/packages/c3/b2/bc9c9196916376152d655522fdcebac55e66de6603a76a02bca1b6414f6c/pygments-2.20.0.tar.gz", hash = "sha256:6757cd03768053ff99f3039c1a36d6c0aa0b263438fcab17520b30a303a82b5f", size = 4955991, upload-time = "2026-03-29T13:29:33.898Z" }
wheels = [
    { url = "https://files.pythonhosted.org/packages/f4/7e/a72dd26f3b0f4f2bf1dd8923c85f7ceb43172af56d63c7383eb62b332364/pygments-2.20.0-py3-none-any.whl", hash = "sha256:81a9e26dd42fd28a23a2d169d86d7ac03b46e2f8b59ed4698fb4785f946d0176", size = 1231151, upload-time = "2026-03-29T13:29:30.038Z" },
]

[[package]]
name = "pytest"
version = "9.0.3"
source = { registry = "https://pypi.org/simple" }
dependencies = [
    { name = "colorama", marker = "sys_platform == 'win32'" },
    { name = "iniconfig" },
    { name = "packaging" },
    { name = "pluggy" },
    { name = "pygments" },
]
sdist = { url = "https://files.pythonhosted.org/packages/7d/0d/549bd94f1a0a402dc8cf64563a117c0f3765662e2e668477624baeec44d5/pytest-9.0.3.tar.gz", hash = "sha256:b86ada508af81d19edeb213c681b1d48246c1a91d304c6c81a427674c17eb91c", size = 1572165, upload-time = "2026-04-07T17:16:18.027Z" }
wheels = [
    { url = "https://files.pythonhosted.org/packages/d4/24/a372aaf5c9b7208e7112038812994107bc65a84cd00e0354a88c2c77a617/pytest-9.0.3-py3-none-any.whl", hash = "sha256:2c5efc453d45394fdd706ade797c0a81091eccd1d6e4bccfcd476e2b8e0ab5d9", size = 375249, upload-time = "2026-04-07T17:16:16.13Z" },
]

[[package]]
name = "tacit-canon"
version = "0.1.0"
source = { editable = "." }
dependencies = [
    { name = "blake3" },
]

[package.optional-dependencies]
dev = [
    { name = "pytest" },
]

[package.metadata]
requires-dist = [
    { name = "blake3", specifier = ">=0.4" },
    { name = "pytest", marker = "extra == 'dev'", specifier = ">=8" },
]
provides-extras = ["dev"]
